# This file is automatically @generated by Cargo.
# It is not intended for manual editing.
version = 4

[[package]]
name = "moirai-diff"
version = "0.0.0"

[[package]]
name = "moirai-files"
version = "0.0.0"
dependencies = [
 "moirai-diff",
]

[[package]]
name = "moirai-format-oracle"
version = "0.0.0"

[[package]]
name = "moirai-harness-stub"
version = "0.0.0"

[[package]]
name = "moirai-lqbench"
version = "0.0.0"
dependencies = [
 "moirai-harness-stub",
 "moirai-model",
 "moirai-tokcount",
]

[[package]]
name = "moirai-model"
version = "0.0.0"

[[package]]
name = "moirai-os"
version = "0.0.0"
dependencies = [
 "moirai-vfs",
]

[[package]]
name = "moirai-probes"
version = "0.0.0"
dependencies = [
 "moirai-harness-stub",
 "moirai-tokcount",
 "moirai-toylog",
 "moirai-vfs",
]

[[package]]
name = "moirai-probes-bin"
version = "0.0.0"
dependencies = [
 "moirai-harness-stub",
 "moirai-os",
 "moirai-probes",
 "moirai-toylog",
]

[[package]]
name = "moirai-replay"
version = "0.0.0"
dependencies = [
 "moirai-files",
 "moirai-model",
]

[[package]]
name = "moirai-tokcount"
version = "0.0.0"

[[package]]
name = "moirai-toylog"
version = "0.0.0"
dependencies = [
 "moirai-vfs",
 "moirai-vfs-sim",
]

[[package]]
name = "moirai-tsoracle"
version = "0.0.0"

[[package]]
name = "moirai-vfs"
version = "0.0.0"

[[package]]
name = "moirai-vfs-sim"
version = "0.0.0"
dependencies = [
 "moirai-vfs",
]

[[package]]
name = "xtask"
version = "0.0.0"
